
Microsoft Visual Studio Solution File, Format Version 12.00
# Visual Studio Version 17
VisualStudioVersion = 17.2.32516.85
MinimumVisualStudioVersion = 10.0.40219.1
Project("{FAE04EC0-301F-11D3-BF4B-00C04F79EFBC}") = "Lesson01Example", "Lesson01ConsoleApp\Lesson01Example.csproj", "{68CB38B1-7C62-46E2-84B7-A41C85D01703}"
EndProject
Project("{FAE04EC0-301F-11D3-BF4B-00C04F79EFBC}") = "LabExercise1", "LabExercise1\LabExercise1.csproj", "{56085852-E246-4A8F-A2FD-C365DB40CC14}"
EndProject
Project("{FAE04EC0-301F-11D3-BF4B-00C04F79EFBC}") = "Lab Excercisee 2", "Lab Excercisee 2\Lab Excercisee 2.csproj", "{0F2DF29B-FB2D-45D3-97BE-F21EDBCA672B}"
EndProject
Project("{FAE04EC0-301F-11D3-BF4B-00C04F79EFBC}") = "Lab Exercise 3", "Lab Exercise 3\Lab Exercise 3.csproj", "{977A6039-AF4C-460D-8616-AA08FA76999B}"
EndProject
Global
	GlobalSection(SolutionConfigurationPlatforms) = preSolution
		Debug|Any CPU = Debug|Any CPU
		Release|Any CPU = Release|Any CPU
	EndGlobalSection
	GlobalSection(ProjectConfigurationPlatforms) = postSolution
		{68CB38B1-7C62-46E2-84B7-A41C85D01703}.Debug|Any CPU.ActiveCfg = Debug|Any CPU
		{68CB38B1-7C62-46E2-84B7-A41C85D01703}.Debug|Any CPU.Build.0 = Debug|Any CPU
		{68CB38B1-7C62-46E2-84B7-A41C85D01703}.Release|Any CPU.ActiveCfg = Release|Any CPU
		{68CB38B1-7C62-46E2-84B7-A41C85D01703}.Release|Any CPU.Build.0 = Release|Any CPU
		{56085852-E246-4A8F-A2FD-C365DB40CC14}.Debug|Any CPU.ActiveCfg = Debug|Any CPU
		{56085852-E246-4A8F-A2FD-C365DB40CC14}.Debug|Any CPU.Build.0 = Debug|Any CPU
		{56085852-E246-4A8F-A2FD-C365DB40CC14}.Release|Any CPU.ActiveCfg = Release|Any CPU
		{56085852-E246-4A8F-A2FD-C365DB40CC14}.Release|Any CPU.Build.0 = Release|Any CPU
		{0F2DF29B-FB2D-45D3-97BE-F21EDBCA672B}.Debug|Any CPU.ActiveCfg = Debug|Any CPU
		{0F2DF29B-FB2D-45D3-97BE-F21EDBCA672B}.Debug|Any CPU.Build.0 = Debug|Any CPU
		{0F2DF29B-FB2D-45D3-97BE-F21EDBCA672B}.Release|Any CPU.ActiveCfg = Release|Any CPU
		{0F2DF29B-FB2D-45D3-97BE-F21EDBCA672B}.Release|Any CPU.Build.0 = Release|Any CPU
		{977A6039-AF4C-460D-8616-AA08FA76999B}.Debug|Any CPU.ActiveCfg = Debug|Any CPU
		{977A6039-AF4C-460D-8616-AA08FA76999B}.Debug|Any CPU.Build.0 = Debug|Any CPU
		{977A6039-AF4C-460D-8616-AA08FA76999B}.Release|Any CPU.ActiveCfg = Release|Any CPU
		{977A6039-AF4C-460D-8616-AA08FA76999B}.Release|Any CPU.Build.0 = Release|Any CPU
	EndGlobalSection
	GlobalSection(SolutionProperties) = preSolution
		HideSolutionNode = FALSE
	EndGlobalSection
	GlobalSection(ExtensibilityGlobals) = postSolution
		SolutionGuid = {3FE5776B-17D0-418A-A72A-0977F1DC2601}
	EndGlobalSection
EndGlobal
