
Microsoft Visual Studio Solution File, Format Version 12.00
# Visual Studio Version 17
VisualStudioVersion = 17.2.32516.85
MinimumVisualStudioVersion = 10.0.40219.1
Project("{FAE04EC0-301F-11D3-BF4B-00C04F79EFBC}") = "Lesson04Example", "Lesson04Example\Lesson04Example.csproj", "{B917EC51-B148-4C99-8ED2-7DED35AB5EC3}"
EndProject
Global
	GlobalSection(SolutionConfigurationPlatforms) = preSolution
		Debug|Any CPU = Debug|Any CPU
		Release|Any CPU = Release|Any CPU
	EndGlobalSection
	GlobalSection(ProjectConfigurationPlatforms) = postSolution
		{B917EC51-B148-4C99-8ED2-7DED35AB5EC3}.Debug|Any CPU.ActiveCfg = Debug|Any CPU
		{B917EC51-B148-4C99-8ED2-7DED35AB5EC3}.Debug|Any CPU.Build.0 = Debug|Any CPU
		{B917EC51-B148-4C99-8ED2-7DED35AB5EC3}.Release|Any CPU.ActiveCfg = Release|Any CPU
		{B917EC51-B148-4C99-8ED2-7DED35AB5EC3}.Release|Any CPU.Build.0 = Release|Any CPU
	EndGlobalSection
	GlobalSection(SolutionProperties) = preSolution
		HideSolutionNode = FALSE
	EndGlobalSection
	GlobalSection(ExtensibilityGlobals) = postSolution
		SolutionGuid = {74E3A704-9DF9-4633-B5D3-34733F6A0103}
	EndGlobalSection
EndGlobal
