
Microsoft Visual Studio Solution File, Format Version 12.00
# Visual Studio Version 17
VisualStudioVersion = 17.2.32516.85
MinimumVisualStudioVersion = 10.0.40219.1
Project("{FAE04EC0-301F-11D3-BF4B-00C04F79EFBC}") = "Lesson03Ex1", "Lesson03Ex1\Lesson03Ex1.csproj", "{A55DA0D4-E777-46CF-BA3F-72957CB7B705}"
EndProject
Project("{FAE04EC0-301F-11D3-BF4B-00C04F79EFBC}") = "Lesson03Ex3", "Lesson03Ex3\Lesson03Ex3.csproj", "{C2969F03-2DFB-434A-AA77-5002EA6A1E9A}"
EndProject
Global
	GlobalSection(SolutionConfigurationPlatforms) = preSolution
		Debug|Any CPU = Debug|Any CPU
		Release|Any CPU = Release|Any CPU
	EndGlobalSection
	GlobalSection(ProjectConfigurationPlatforms) = postSolution
		{A55DA0D4-E777-46CF-BA3F-72957CB7B705}.Debug|Any CPU.ActiveCfg = Debug|Any CPU
		{A55DA0D4-E777-46CF-BA3F-72957CB7B705}.Debug|Any CPU.Build.0 = Debug|Any CPU
		{A55DA0D4-E777-46CF-BA3F-72957CB7B705}.Release|Any CPU.ActiveCfg = Release|Any CPU
		{A55DA0D4-E777-46CF-BA3F-72957CB7B705}.Release|Any CPU.Build.0 = Release|Any CPU
		{C2969F03-2DFB-434A-AA77-5002EA6A1E9A}.Debug|Any CPU.ActiveCfg = Debug|Any CPU
		{C2969F03-2DFB-434A-AA77-5002EA6A1E9A}.Debug|Any CPU.Build.0 = Debug|Any CPU
		{C2969F03-2DFB-434A-AA77-5002EA6A1E9A}.Release|Any CPU.ActiveCfg = Release|Any CPU
		{C2969F03-2DFB-434A-AA77-5002EA6A1E9A}.Release|Any CPU.Build.0 = Release|Any CPU
	EndGlobalSection
	GlobalSection(SolutionProperties) = preSolution
		HideSolutionNode = FALSE
	EndGlobalSection
	GlobalSection(ExtensibilityGlobals) = postSolution
		SolutionGuid = {825699C7-EF28-40CA-8600-594E1924ED2D}
	EndGlobalSection
EndGlobal
